# This file is generated by gogradle automatically, you should NEVER modify it manually.
---
apiVersion: "0.10"
dependencies:
  build:
  - urls:
    - "https://github.com/armon/consul-api.git"
    - "git@github.com:armon/consul-api.git"
    vcs: "git"
    name: "github.com/armon/consul-api"
    commit: "eb2c6b5be1b66bab83016e0b05f01b8d5496ffbd"
    transitive: false
  - name: "github.com/beorn7/perks"
    host:
      name: "github.com/coreos/etcd"
      commit: "34fcabab55585b39835820278da4de65b3463358"
      urls:
      - "https://github.com/coreos/etcd.git"
      - "git@github.com:coreos/etcd.git"
      vcs: "git"
    vendorPath: "vendor/github.com/beorn7/perks"
    transitive: false
  - name: "github.com/bgentry/speakeasy"
    host:
      name: "github.com/coreos/etcd"
      commit: "34fcabab55585b39835820278da4de65b3463358"
      urls:
      - "https://github.com/coreos/etcd.git"
      - "git@github.com:coreos/etcd.git"
      vcs: "git"
    vendorPath: "vendor/github.com/bgentry/speakeasy"
    transitive: false
  - name: "github.com/coreos/bbolt"
    host:
      name: "github.com/coreos/etcd"
      commit: "34fcabab55585b39835820278da4de65b3463358"
      urls:
      - "https://github.com/coreos/etcd.git"
      - "git@github.com:coreos/etcd.git"
      vcs: "git"
    vendorPath: "vendor/github.com/coreos/bbolt"
    transitive: false
  - urls:
    - "https://github.com/coreos/etcd.git"
    - "git@github.com:coreos/etcd.git"
    vcs: "git"
    name: "github.com/coreos/etcd"
    commit: "34fcabab55585b39835820278da4de65b3463358"
    transitive: false
  - name: "github.com/coreos/go-semver"
    host:
      name: "github.com/coreos/etcd"
      commit: "34fcabab55585b39835820278da4de65b3463358"
      urls:
      - "https://github.com/coreos/etcd.git"
      - "git@github.com:coreos/etcd.git"
      vcs: "git"
    vendorPath: "vendor/github.com/coreos/go-semver"
    transitive: false
  - name: "github.com/coreos/go-systemd"
    host:
      name: "github.com/coreos/etcd"
      commit: "34fcabab55585b39835820278da4de65b3463358"
      urls:
      - "https://github.com/coreos/etcd.git"
      - "git@github.com:coreos/etcd.git"
      vcs: "git"
    vendorPath: "vendor/github.com/coreos/go-systemd"
    transitive: false
  - name: "github.com/coreos/pkg"
    host:
      name: "github.com/coreos/etcd"
      commit: "34fcabab55585b39835820278da4de65b3463358"
      urls:
      - "https://github.com/coreos/etcd.git"
      - "git@github.com:coreos/etcd.git"
      vcs: "git"
    vendorPath: "vendor/github.com/coreos/pkg"
    transitive: false
  - urls:
    - "https://github.com/cpuguy83/go-md2man.git"
    - "git@github.com:cpuguy83/go-md2man.git"
    vcs: "git"
    name: "github.com/cpuguy83/go-md2man"
    commit: "691ee98543af2f262f35fbb54bdd42f00b9b9cc5"
    transitive: false
  - name: "github.com/davecgh/go-spew"
    host:
      name: "github.com/stretchr/testify"
      commit: "f35b8ab0b5a2cef36673838d662e249dd9c94686"
      urls:
      - "https://github.com/stretchr/testify.git"
      - "git@github.com:stretchr/testify.git"
      vcs: "git"
    vendorPath: "vendor/github.com/davecgh/go-spew"
    transitive: false
  - name: "github.com/dgrijalva/jwt-go"
    host:
      name: "github.com/coreos/etcd"
      commit: "34fcabab55585b39835820278da4de65b3463358"
      urls:
      - "https://github.com/coreos/etcd.git"
      - "git@github.com:coreos/etcd.git"
      vcs: "git"
    vendorPath: "vendor/github.com/dgrijalva/jwt-go"
    transitive: false
  - name: "github.com/dustin/go-humanize"
    host:
      name: "github.com/coreos/etcd"
      commit: "34fcabab55585b39835820278da4de65b3463358"
      urls:
      - "https://github.com/coreos/etcd.git"
      - "git@github.com:coreos/etcd.git"
      vcs: "git"
    vendorPath: "vendor/github.com/dustin/go-humanize"
    transitive: false
  - urls:
    - "https://github.com/fsnotify/fsnotify.git"
    - "git@github.com:fsnotify/fsnotify.git"
    vcs: "git"
    name: "github.com/fsnotify/fsnotify"
    commit: "c2828203cd70a50dcccfb2761f8b1f8ceef9a8e9"
    transitive: false
  - name: "github.com/ghodss/yaml"
    host:
      name: "github.com/coreos/etcd"
      commit: "34fcabab55585b39835820278da4de65b3463358"
      urls:
      - "https://github.com/coreos/etcd.git"
      - "git@github.com:coreos/etcd.git"
      vcs: "git"
    vendorPath: "vendor/github.com/ghodss/yaml"
    transitive: false
  - name: "github.com/gogo/protobuf"
    host:
      name: "github.com/coreos/etcd"
      commit: "34fcabab55585b39835820278da4de65b3463358"
      urls:
      - "https://github.com/coreos/etcd.git"
      - "git@github.com:coreos/etcd.git"
      vcs: "git"
    vendorPath: "vendor/github.com/gogo/protobuf"
    transitive: false
  - name: "github.com/golang/groupcache"
    host:
      name: "github.com/coreos/etcd"
      commit: "34fcabab55585b39835820278da4de65b3463358"
      urls:
      - "https://github.com/coreos/etcd.git"
      - "git@github.com:coreos/etcd.git"
      vcs: "git"
    vendorPath: "vendor/github.com/golang/groupcache"
    transitive: false
  - name: "github.com/golang/protobuf"
    host:
      name: "github.com/coreos/etcd"
      commit: "34fcabab55585b39835820278da4de65b3463358"
      urls:
      - "https://github.com/coreos/etcd.git"
      - "git@github.com:coreos/etcd.git"
      vcs: "git"
    vendorPath: "vendor/github.com/golang/protobuf"
    transitive: false
  - name: "github.com/google/btree"
    host:
      name: "github.com/coreos/etcd"
      commit: "34fcabab55585b39835820278da4de65b3463358"
      urls:
      - "https://github.com/coreos/etcd.git"
      - "git@github.com:coreos/etcd.git"
      vcs: "git"
    vendorPath: "vendor/github.com/google/btree"
    transitive: false
  - name: "github.com/gorilla/websocket"
    host:
      name: "github.com/coreos/etcd"
      commit: "34fcabab55585b39835820278da4de65b3463358"
      urls:
      - "https://github.com/coreos/etcd.git"
      - "git@github.com:coreos/etcd.git"
      vcs: "git"
    vendorPath: "vendor/github.com/gorilla/websocket"
    transitive: false
  - name: "github.com/grpc-ecosystem/go-grpc-middleware"
    host:
      name: "github.com/coreos/etcd"
      commit: "34fcabab55585b39835820278da4de65b3463358"
      urls:
      - "https://github.com/coreos/etcd.git"
      - "git@github.com:coreos/etcd.git"
      vcs: "git"
    vendorPath: "vendor/github.com/grpc-ecosystem/go-grpc-middleware"
    transitive: false
  - name: "github.com/grpc-ecosystem/go-grpc-prometheus"
    host:
      name: "github.com/coreos/etcd"
      commit: "34fcabab55585b39835820278da4de65b3463358"
      urls:
      - "https://github.com/coreos/etcd.git"
      - "git@github.com:coreos/etcd.git"
      vcs: "git"
    vendorPath: "vendor/github.com/grpc-ecosystem/go-grpc-prometheus"
    transitive: false
  - name: "github.com/grpc-ecosystem/grpc-gateway"
    host:
      name: "github.com/coreos/etcd"
      commit: "34fcabab55585b39835820278da4de65b3463358"
      urls:
      - "https://github.com/coreos/etcd.git"
      - "git@github.com:coreos/etcd.git"
      vcs: "git"
    vendorPath: "vendor/github.com/grpc-ecosystem/grpc-gateway"
    transitive: false
  - urls:
    - "https://github.com/hashicorp/hcl.git"
    - "git@github.com:hashicorp/hcl.git"
    vcs: "git"
    name: "github.com/hashicorp/hcl"
    commit: "8cb6e5b959231cc1119e43259c4a608f9c51a241"
    transitive: false
  - name: "github.com/inconshreveable/mousetrap"
    host:
      name: "github.com/coreos/etcd"
      commit: "34fcabab55585b39835820278da4de65b3463358"
      urls:
      - "https://github.com/coreos/etcd.git"
      - "git@github.com:coreos/etcd.git"
      vcs: "git"
    vendorPath: "vendor/github.com/inconshreveable/mousetrap"
    transitive: false
  - name: "github.com/jonboulle/clockwork"
    host:
      name: "github.com/coreos/etcd"
      commit: "34fcabab55585b39835820278da4de65b3463358"
      urls:
      - "https://github.com/coreos/etcd.git"
      - "git@github.com:coreos/etcd.git"
      vcs: "git"
    vendorPath: "vendor/github.com/jonboulle/clockwork"
    transitive: false
  - urls:
    - "https://github.com/kr/fs.git"
    - "git@github.com:kr/fs.git"
    vcs: "git"
    name: "github.com/kr/fs"
    commit: "1455def202f6e05b95cc7bfc7e8ae67ae5141eba"
    transitive: false
  - name: "github.com/kr/pty"
    host:
      name: "github.com/coreos/etcd"
      commit: "34fcabab55585b39835820278da4de65b3463358"
      urls:
      - "https://github.com/coreos/etcd.git"
      - "git@github.com:coreos/etcd.git"
      vcs: "git"
    vendorPath: "vendor/github.com/kr/pty"
    transitive: false
  - urls:
    - "https://github.com/magiconair/properties.git"
    - "git@github.com:magiconair/properties.git"
    vcs: "git"
    name: "github.com/magiconair/properties"
    commit: "c2353362d570a7bfa228149c62842019201cfb71"
    transitive: false
  - urls:
    - "https://github.com/mattn/go-isatty.git"
    - "git@github.com:mattn/go-isatty.git"
    vcs: "git"
    name: "github.com/mattn/go-isatty"
    commit: "0360b2af4f38e8d38c7fce2a9f4e702702d73a39"
    transitive: false
  - urls:
    - "https://github.com/mattn/go-runewidth.git"
    - "git@github.com:mattn/go-runewidth.git"
    vcs: "git"
    name: "github.com/mattn/go-runewidth"
    commit: "ce7b0b5c7b45a81508558cd1dba6bb1e4ddb51bb"
    transitive: false
  - name: "github.com/matttproud/golang_protobuf_extensions"
    host:
      name: "github.com/coreos/etcd"
      commit: "34fcabab55585b39835820278da4de65b3463358"
      urls:
      - "https://github.com/coreos/etcd.git"
      - "git@github.com:coreos/etcd.git"
      vcs: "git"
    vendorPath: "vendor/github.com/matttproud/golang_protobuf_extensions"
    transitive: false
  - urls:
    - "https://github.com/mitchellh/go-homedir.git"
    - "git@github.com:mitchellh/go-homedir.git"
    vcs: "git"
    name: "github.com/mitchellh/go-homedir"
    commit: "ae18d6b8b3205b561c79e8e5f69bff09736185f4"
    transitive: false
  - urls:
    - "https://github.com/mitchellh/mapstructure.git"
    - "git@github.com:mitchellh/mapstructure.git"
    vcs: "git"
    name: "github.com/mitchellh/mapstructure"
    commit: "fa473d140ef3c6adf42d6b391fe76707f1f243c8"
    transitive: false
  - name: "github.com/olekukonko/tablewriter"
    host:
      name: "github.com/coreos/etcd"
      commit: "34fcabab55585b39835820278da4de65b3463358"
      urls:
      - "https://github.com/coreos/etcd.git"
      - "git@github.com:coreos/etcd.git"
      vcs: "git"
    vendorPath: "vendor/github.com/olekukonko/tablewriter"
    transitive: false
  - urls:
    - "https://github.com/pelletier/go-toml.git"
    - "git@github.com:pelletier/go-toml.git"
    vcs: "git"
    name: "github.com/pelletier/go-toml"
    commit: "c2dbbc24a97911339e01bda0b8cabdbd8f13b602"
    transitive: false
  - name: "github.com/petar/GoLLRB"
    host:
      name: "github.com/coreos/etcd"
      commit: "34fcabab55585b39835820278da4de65b3463358"
      urls:
      - "https://github.com/coreos/etcd.git"
      - "git@github.com:coreos/etcd.git"
      vcs: "git"
    vendorPath: "vendor/github.com/petar/GoLLRB"
    transitive: false
  - urls:
    - "https://github.com/pkg/errors.git"
    - "git@github.com:pkg/errors.git"
    vcs: "git"
    name: "github.com/pkg/errors"
    commit: "816c9085562cd7ee03e7f8188a1cfd942858cded"
    transitive: false
  - urls:
    - "https://github.com/pkg/sftp.git"
    - "git@github.com:pkg/sftp.git"
    vcs: "git"
    name: "github.com/pkg/sftp"
    commit: "b9345f483dc30f2e9d44786ee1a7e5700bb2341b"
    transitive: false
  - name: "github.com/pmezard/go-difflib"
    host:
      name: "github.com/stretchr/testify"
      commit: "f35b8ab0b5a2cef36673838d662e249dd9c94686"
      urls:
      - "https://github.com/stretchr/testify.git"
      - "git@github.com:stretchr/testify.git"
      vcs: "git"
    vendorPath: "vendor/github.com/pmezard/go-difflib"
    transitive: false
  - name: "github.com/prometheus/client_golang"
    host:
      name: "github.com/coreos/etcd"
      commit: "34fcabab55585b39835820278da4de65b3463358"
      urls:
      - "https://github.com/coreos/etcd.git"
      - "git@github.com:coreos/etcd.git"
      vcs: "git"
    vendorPath: "vendor/github.com/prometheus/client_golang"
    transitive: false
  - name: "github.com/prometheus/client_model"
    host:
      name: "github.com/coreos/etcd"
      commit: "34fcabab55585b39835820278da4de65b3463358"
      urls:
      - "https://github.com/coreos/etcd.git"
      - "git@github.com:coreos/etcd.git"
      vcs: "git"
    vendorPath: "vendor/github.com/prometheus/client_model"
    transitive: false
  - name: "github.com/prometheus/common"
    host:
      name: "github.com/coreos/etcd"
      commit: "34fcabab55585b39835820278da4de65b3463358"
      urls:
      - "https://github.com/coreos/etcd.git"
      - "git@github.com:coreos/etcd.git"
      vcs: "git"
    vendorPath: "vendor/github.com/prometheus/common"
    transitive: false
  - name: "github.com/prometheus/procfs"
    host:
      name: "github.com/coreos/etcd"
      commit: "34fcabab55585b39835820278da4de65b3463358"
      urls:
      - "https://github.com/coreos/etcd.git"
      - "git@github.com:coreos/etcd.git"
      vcs: "git"
    vendorPath: "vendor/github.com/prometheus/procfs"
    transitive: false
  - name: "github.com/russross/blackfriday"
    host:
      name: "github.com/cpuguy83/go-md2man"
      commit: "691ee98543af2f262f35fbb54bdd42f00b9b9cc5"
      urls:
      - "https://github.com/cpuguy83/go-md2man.git"
      - "git@github.com:cpuguy83/go-md2man.git"
      vcs: "git"
    vendorPath: "vendor/github.com/russross/blackfriday"
    transitive: false
  - name: "github.com/shurcooL/sanitized_anchor_name"
    host:
      name: "github.com/cpuguy83/go-md2man"
      commit: "691ee98543af2f262f35fbb54bdd42f00b9b9cc5"
      urls:
      - "https://github.com/cpuguy83/go-md2man.git"
      - "git@github.com:cpuguy83/go-md2man.git"
      vcs: "git"
    vendorPath: "vendor/github.com/shurcooL/sanitized_anchor_name"
    transitive: false
  - name: "github.com/sirupsen/logrus"
    host:
      name: "github.com/coreos/etcd"
      commit: "34fcabab55585b39835820278da4de65b3463358"
      urls:
      - "https://github.com/coreos/etcd.git"
      - "git@github.com:coreos/etcd.git"
      vcs: "git"
    vendorPath: "vendor/github.com/sirupsen/logrus"
    transitive: false
  - name: "github.com/soheilhy/cmux"
    host:
      name: "github.com/coreos/etcd"
      commit: "34fcabab55585b39835820278da4de65b3463358"
      urls:
      - "https://github.com/coreos/etcd.git"
      - "git@github.com:coreos/etcd.git"
      vcs: "git"
    vendorPath: "vendor/github.com/soheilhy/cmux"
    transitive: false
  - urls:
    - "https://github.com/spf13/afero.git"
    - "git@github.com:spf13/afero.git"
    vcs: "git"
    name: "github.com/spf13/afero"
    commit: "787d034dfe70e44075ccc060d346146ef53270ad"
    transitive: false
  - urls:
    - "https://github.com/spf13/cast.git"
    - "git@github.com:spf13/cast.git"
    vcs: "git"
    name: "github.com/spf13/cast"
    commit: "8965335b8c7107321228e3e3702cab9832751bac"
    transitive: false
  - urls:
    - "https://github.com/spf13/cobra.git"
    - "git@github.com:spf13/cobra.git"
    vcs: "git"
    name: "github.com/spf13/cobra"
    commit: "ef82de70bb3f60c65fb8eebacbb2d122ef517385"
    transitive: false
  - urls:
    - "https://github.com/spf13/jwalterweatherman.git"
    - "git@github.com:spf13/jwalterweatherman.git"
    vcs: "git"
    name: "github.com/spf13/jwalterweatherman"
    commit: "14d3d4c518341bea657dd8a226f5121c0ff8c9f2"
    transitive: false
  - urls:
    - "https://github.com/spf13/pflag.git"
    - "git@github.com:spf13/pflag.git"
    vcs: "git"
    name: "github.com/spf13/pflag"
    commit: "d929dcbb10863323c436af3cf76cb16a6dfc9b29"
    transitive: false
  - urls:
    - "https://github.com/spf13/viper.git"
    - "git@github.com:spf13/viper.git"
    vcs: "git"
    name: "github.com/spf13/viper"
    commit: "907c19d40d9a6c9bb55f040ff4ae45271a4754b9"
    transitive: false
  - name: "github.com/stretchr/objx"
    host:
      name: "github.com/stretchr/testify"
      commit: "f35b8ab0b5a2cef36673838d662e249dd9c94686"
      urls:
      - "https://github.com/stretchr/testify.git"
      - "git@github.com:stretchr/testify.git"
      vcs: "git"
    vendorPath: "vendor/github.com/stretchr/objx"
    transitive: false
  - urls:
    - "https://github.com/stretchr/testify.git"
    - "git@github.com:stretchr/testify.git"
    vcs: "git"
    name: "github.com/stretchr/testify"
    commit: "f35b8ab0b5a2cef36673838d662e249dd9c94686"
    transitive: false
  - name: "github.com/tmc/grpc-websocket-proxy"
    host:
      name: "github.com/coreos/etcd"
      commit: "34fcabab55585b39835820278da4de65b3463358"
      urls:
      - "https://github.com/coreos/etcd.git"
      - "git@github.com:coreos/etcd.git"
      vcs: "git"
    vendorPath: "vendor/github.com/tmc/grpc-websocket-proxy"
    transitive: false
  - name: "github.com/ugorji/go"
    host:
      name: "github.com/coreos/etcd"
      commit: "34fcabab55585b39835820278da4de65b3463358"
      urls:
      - "https://github.com/coreos/etcd.git"
      - "git@github.com:coreos/etcd.git"
      vcs: "git"
    vendorPath: "vendor/github.com/ugorji/go"
    transitive: false
  - name: "github.com/urfave/cli"
    host:
      name: "github.com/coreos/etcd"
      commit: "34fcabab55585b39835820278da4de65b3463358"
      urls:
      - "https://github.com/coreos/etcd.git"
      - "git@github.com:coreos/etcd.git"
      vcs: "git"
    vendorPath: "vendor/github.com/urfave/cli"
    transitive: false
  - urls:
    - "https://github.com/xebialabs/yaml.git"
    - "git@github.com:xebialabs/yaml.git"
    vcs: "git"
    name: "github.com/xebialabs/yaml"
    commit: "71f3a23bb41870904ddc1ce1d9f33839528e098e"
    transitive: false
  - name: "github.com/xiang90/probing"
    host:
      name: "github.com/coreos/etcd"
      commit: "34fcabab55585b39835820278da4de65b3463358"
      urls:
      - "https://github.com/coreos/etcd.git"
      - "git@github.com:coreos/etcd.git"
      vcs: "git"
    vendorPath: "vendor/github.com/xiang90/probing"
    transitive: false
  - urls:
    - "https://github.com/xordataexchange/crypt.git"
    - "git@github.com:xordataexchange/crypt.git"
    vcs: "git"
    name: "github.com/xordataexchange/crypt"
    commit: "b2862e3d0a775f18c7cfe02273500ae307b61218"
    transitive: false
  - name: "go.uber.org/atomic"
    host:
      name: "github.com/coreos/etcd"
      commit: "34fcabab55585b39835820278da4de65b3463358"
      urls:
      - "https://github.com/coreos/etcd.git"
      - "git@github.com:coreos/etcd.git"
      vcs: "git"
    vendorPath: "vendor/go.uber.org/atomic"
    transitive: false
  - name: "go.uber.org/multierr"
    host:
      name: "github.com/coreos/etcd"
      commit: "34fcabab55585b39835820278da4de65b3463358"
      urls:
      - "https://github.com/coreos/etcd.git"
      - "git@github.com:coreos/etcd.git"
      vcs: "git"
    vendorPath: "vendor/go.uber.org/multierr"
    transitive: false
  - name: "go.uber.org/zap"
    host:
      name: "github.com/coreos/etcd"
      commit: "34fcabab55585b39835820278da4de65b3463358"
      urls:
      - "https://github.com/coreos/etcd.git"
      - "git@github.com:coreos/etcd.git"
      vcs: "git"
    vendorPath: "vendor/go.uber.org/zap"
    transitive: false
  - vcs: "git"
    name: "golang.org/x/crypto"
    commit: "614d502a4dac94afa3a6ce146bd1736da82514c6"
    url: "https://go.googlesource.com/crypto"
    transitive: false
  - vcs: "git"
    name: "golang.org/x/net"
    commit: "8a410e7b638dca158bf9e766925842f6651ff828"
    url: "https://go.googlesource.com/net"
    transitive: false
  - vcs: "git"
    name: "golang.org/x/sys"
    commit: "d99a578cf41bfccdeaf48b0845c823a4b8b0ad5e"
    url: "https://go.googlesource.com/sys"
    transitive: false
  - vcs: "git"
    name: "golang.org/x/text"
    commit: "6e3c4e7365ddcc329f090f96e4348398f6310088"
    url: "https://go.googlesource.com/text"
    transitive: false
  - name: "golang.org/x/time"
    host:
      name: "github.com/coreos/etcd"
      commit: "34fcabab55585b39835820278da4de65b3463358"
      urls:
      - "https://github.com/coreos/etcd.git"
      - "git@github.com:coreos/etcd.git"
      vcs: "git"
    vendorPath: "vendor/golang.org/x/time"
    transitive: false
  - vcs: "git"
    name: "golang.org/x/tools"
    commit: "6cd1fcedba52a3e8045a1c96970cec308e4a632c"
    url: "https://go.googlesource.com/tools"
    transitive: false
  - name: "google.golang.org/genproto"
    host:
      name: "github.com/coreos/etcd"
      commit: "34fcabab55585b39835820278da4de65b3463358"
      urls:
      - "https://github.com/coreos/etcd.git"
      - "git@github.com:coreos/etcd.git"
      vcs: "git"
    vendorPath: "vendor/google.golang.org/genproto"
    transitive: false
  - name: "google.golang.org/grpc"
    host:
      name: "github.com/coreos/etcd"
      commit: "34fcabab55585b39835820278da4de65b3463358"
      urls:
      - "https://github.com/coreos/etcd.git"
      - "git@github.com:coreos/etcd.git"
      vcs: "git"
    vendorPath: "vendor/google.golang.org/grpc"
    transitive: false
  - vcs: "git"
    name: "gopkg.in/cheggaaa/pb.v1"
    commit: "2af8bbdea9e99e83b3ac400d8f6b6d1b8cbbf338"
    url: "https://gopkg.in/cheggaaa/pb.v1"
    transitive: false
  - name: "gopkg.in/yaml.v2"
    host:
      name: "github.com/coreos/etcd"
      commit: "34fcabab55585b39835820278da4de65b3463358"
      urls:
      - "https://github.com/coreos/etcd.git"
      - "git@github.com:coreos/etcd.git"
      vcs: "git"
    vendorPath: "vendor/gopkg.in/yaml.v2"
    transitive: false
  test: []
