# This file is generated by gogradle automatically, you should NEVER modify it manually.
---
apiVersion: "0.10"
dependencies:
  build:
  - urls:
    - "https://github.com/armon/consul-api.git"
    - "git@github.com:armon/consul-api.git"
    vcs: "git"
    name: "github.com/armon/consul-api"
    commit: "eb2c6b5be1b66bab83016e0b05f01b8d5496ffbd"
    transitive: false
  - name: "github.com/beorn7/perks"
    host:
      name: "github.com/coreos/etcd"
      commit: "83304cfc808cf6303d48c45a696f169fae422e68"
      urls:
      - "https://github.com/coreos/etcd.git"
      - "git@github.com:coreos/etcd.git"
      vcs: "git"
    vendorPath: "vendor/github.com/beorn7/perks"
    transitive: false
  - name: "github.com/bgentry/speakeasy"
    host:
      name: "github.com/coreos/etcd"
      commit: "83304cfc808cf6303d48c45a696f169fae422e68"
      urls:
      - "https://github.com/coreos/etcd.git"
      - "git@github.com:coreos/etcd.git"
      vcs: "git"
    vendorPath: "vendor/github.com/bgentry/speakeasy"
    transitive: false
  - urls:
    - "https://github.com/coreos/etcd.git"
    - "git@github.com:coreos/etcd.git"
    vcs: "git"
    name: "github.com/coreos/etcd"
    commit: "83304cfc808cf6303d48c45a696f169fae422e68"
    transitive: false
  - name: "github.com/coreos/go-semver"
    host:
      name: "github.com/coreos/etcd"
      commit: "83304cfc808cf6303d48c45a696f169fae422e68"
      urls:
      - "https://github.com/coreos/etcd.git"
      - "git@github.com:coreos/etcd.git"
      vcs: "git"
    vendorPath: "vendor/github.com/coreos/go-semver"
    transitive: false
  - name: "github.com/coreos/go-systemd"
    host:
      name: "github.com/coreos/etcd"
      commit: "83304cfc808cf6303d48c45a696f169fae422e68"
      urls:
      - "https://github.com/coreos/etcd.git"
      - "git@github.com:coreos/etcd.git"
      vcs: "git"
    vendorPath: "vendor/github.com/coreos/go-systemd"
    transitive: false
  - name: "github.com/coreos/pkg"
    host:
      name: "github.com/coreos/etcd"
      commit: "83304cfc808cf6303d48c45a696f169fae422e68"
      urls:
      - "https://github.com/coreos/etcd.git"
      - "git@github.com:coreos/etcd.git"
      vcs: "git"
    vendorPath: "vendor/github.com/coreos/pkg"
    transitive: false
  - urls:
    - "https://github.com/cpuguy83/go-md2man.git"
    - "git@github.com:cpuguy83/go-md2man.git"
    vcs: "git"
    name: "github.com/cpuguy83/go-md2man"
    commit: "691ee98543af2f262f35fbb54bdd42f00b9b9cc5"
    transitive: false
  - name: "github.com/davecgh/go-spew"
    host:
      name: "github.com/stretchr/testify"
      commit: "f35b8ab0b5a2cef36673838d662e249dd9c94686"
      urls:
      - "https://github.com/stretchr/testify.git"
      - "git@github.com:stretchr/testify.git"
      vcs: "git"
    vendorPath: "vendor/github.com/davecgh/go-spew"
    transitive: false
  - urls:
    - "https://github.com/deckarep/golang-set.git"
    - "git@github.com:deckarep/golang-set.git"
    vcs: "git"
    name: "github.com/deckarep/golang-set"
    commit: "cbaa98ba5575e67703b32b4b19f73c91f3c4159e"
    transitive: false
  - name: "github.com/dgrijalva/jwt-go"
    host:
      name: "github.com/coreos/etcd"
      commit: "83304cfc808cf6303d48c45a696f169fae422e68"
      urls:
      - "https://github.com/coreos/etcd.git"
      - "git@github.com:coreos/etcd.git"
      vcs: "git"
    vendorPath: "vendor/github.com/dgrijalva/jwt-go"
    transitive: false
  - urls:
    - "https://github.com/dsnet/compress.git"
    - "git@github.com:dsnet/compress.git"
    vcs: "git"
    name: "github.com/dsnet/compress"
    commit: "cc9eb1d7ad760af14e8f918698f745e80377af4f"
    transitive: false
  - urls:
    - "https://github.com/dsnet/golib.git"
    - "git@github.com:dsnet/golib.git"
    vcs: "git"
    name: "github.com/dsnet/golib"
    commit: "1ea1667757804fdcccc5a1810e09aba618885ac2"
    transitive: false
  - name: "github.com/dustin/go-humanize"
    host:
      name: "github.com/coreos/etcd"
      commit: "83304cfc808cf6303d48c45a696f169fae422e68"
      urls:
      - "https://github.com/coreos/etcd.git"
      - "git@github.com:coreos/etcd.git"
      vcs: "git"
    vendorPath: "vendor/github.com/dustin/go-humanize"
    transitive: false
  - urls:
    - "https://github.com/fsnotify/fsnotify.git"
    - "git@github.com:fsnotify/fsnotify.git"
    vcs: "git"
    name: "github.com/fsnotify/fsnotify"
    commit: "ccc981bf80385c528a65fbfdd49bf2d8da22aa23"
    transitive: false
  - name: "github.com/ghodss/yaml"
    host:
      name: "github.com/coreos/etcd"
      commit: "83304cfc808cf6303d48c45a696f169fae422e68"
      urls:
      - "https://github.com/coreos/etcd.git"
      - "git@github.com:coreos/etcd.git"
      vcs: "git"
    vendorPath: "vendor/github.com/ghodss/yaml"
    transitive: false
  - name: "github.com/gogo/protobuf"
    host:
      name: "github.com/coreos/etcd"
      commit: "83304cfc808cf6303d48c45a696f169fae422e68"
      urls:
      - "https://github.com/coreos/etcd.git"
      - "git@github.com:coreos/etcd.git"
      vcs: "git"
    vendorPath: "vendor/github.com/gogo/protobuf"
    transitive: false
  - name: "github.com/golang/groupcache"
    host:
      name: "github.com/coreos/etcd"
      commit: "83304cfc808cf6303d48c45a696f169fae422e68"
      urls:
      - "https://github.com/coreos/etcd.git"
      - "git@github.com:coreos/etcd.git"
      vcs: "git"
    vendorPath: "vendor/github.com/golang/groupcache"
    transitive: false
  - name: "github.com/golang/protobuf"
    host:
      name: "github.com/coreos/etcd"
      commit: "83304cfc808cf6303d48c45a696f169fae422e68"
      urls:
      - "https://github.com/coreos/etcd.git"
      - "git@github.com:coreos/etcd.git"
      vcs: "git"
    vendorPath: "vendor/github.com/golang/protobuf"
    transitive: false
  - urls:
    - "https://github.com/golang/snappy.git"
    - "git@github.com:golang/snappy.git"
    vcs: "git"
    name: "github.com/golang/snappy"
    commit: "2e65f85255dbc3072edf28d6b5b8efc472979f5a"
    transitive: false
  - name: "github.com/google/btree"
    host:
      name: "github.com/coreos/etcd"
      commit: "83304cfc808cf6303d48c45a696f169fae422e68"
      urls:
      - "https://github.com/coreos/etcd.git"
      - "git@github.com:coreos/etcd.git"
      vcs: "git"
    vendorPath: "vendor/github.com/google/btree"
    transitive: false
  - name: "github.com/google/uuid"
    host:
      name: "github.com/coreos/etcd"
      commit: "83304cfc808cf6303d48c45a696f169fae422e68"
      urls:
      - "https://github.com/coreos/etcd.git"
      - "git@github.com:coreos/etcd.git"
      vcs: "git"
    vendorPath: "vendor/github.com/google/uuid"
    transitive: false
  - name: "github.com/gorilla/websocket"
    host:
      name: "github.com/coreos/etcd"
      commit: "83304cfc808cf6303d48c45a696f169fae422e68"
      urls:
      - "https://github.com/coreos/etcd.git"
      - "git@github.com:coreos/etcd.git"
      vcs: "git"
    vendorPath: "vendor/github.com/gorilla/websocket"
    transitive: false
  - name: "github.com/grpc-ecosystem/go-grpc-middleware"
    host:
      name: "github.com/coreos/etcd"
      commit: "83304cfc808cf6303d48c45a696f169fae422e68"
      urls:
      - "https://github.com/coreos/etcd.git"
      - "git@github.com:coreos/etcd.git"
      vcs: "git"
    vendorPath: "vendor/github.com/grpc-ecosystem/go-grpc-middleware"
    transitive: false
  - name: "github.com/grpc-ecosystem/go-grpc-prometheus"
    host:
      name: "github.com/coreos/etcd"
      commit: "83304cfc808cf6303d48c45a696f169fae422e68"
      urls:
      - "https://github.com/coreos/etcd.git"
      - "git@github.com:coreos/etcd.git"
      vcs: "git"
    vendorPath: "vendor/github.com/grpc-ecosystem/go-grpc-prometheus"
    transitive: false
  - name: "github.com/grpc-ecosystem/grpc-gateway"
    host:
      name: "github.com/coreos/etcd"
      commit: "83304cfc808cf6303d48c45a696f169fae422e68"
      urls:
      - "https://github.com/coreos/etcd.git"
      - "git@github.com:coreos/etcd.git"
      vcs: "git"
    vendorPath: "vendor/github.com/grpc-ecosystem/grpc-gateway"
    transitive: false
  - urls:
    - "https://github.com/hashicorp/hcl.git"
    - "git@github.com:hashicorp/hcl.git"
    vcs: "git"
    name: "github.com/hashicorp/hcl"
    commit: "65a6292f0157eff210d03ed1bf6c59b190b8b906"
    transitive: false
  - name: "github.com/inconshreveable/mousetrap"
    host:
      name: "github.com/coreos/etcd"
      commit: "83304cfc808cf6303d48c45a696f169fae422e68"
      urls:
      - "https://github.com/coreos/etcd.git"
      - "git@github.com:coreos/etcd.git"
      vcs: "git"
    vendorPath: "vendor/github.com/inconshreveable/mousetrap"
    transitive: false
  - urls:
    - "https://github.com/jhoonb/archivex.git"
    - "git@github.com:jhoonb/archivex.git"
    vcs: "git"
    name: "github.com/jhoonb/archivex"
    commit: "0488e4ce168110297b49ad60bee94d38de70dd8a"
    transitive: false
  - name: "github.com/jonboulle/clockwork"
    host:
      name: "github.com/coreos/etcd"
      commit: "83304cfc808cf6303d48c45a696f169fae422e68"
      urls:
      - "https://github.com/coreos/etcd.git"
      - "git@github.com:coreos/etcd.git"
      vcs: "git"
    vendorPath: "vendor/github.com/jonboulle/clockwork"
    transitive: false
  - urls:
    - "https://github.com/klauspost/compress.git"
    - "git@github.com:klauspost/compress.git"
    vcs: "git"
    name: "github.com/klauspost/compress"
    commit: "b50017755d442260d792c34c7c43216d9ba7ffc7"
    transitive: false
  - urls:
    - "https://github.com/klauspost/cpuid.git"
    - "git@github.com:klauspost/cpuid.git"
    vcs: "git"
    name: "github.com/klauspost/cpuid"
    commit: "e7e905edc00ea8827e58662220139109efea09db"
    transitive: false
  - urls:
    - "https://github.com/kr/fs.git"
    - "git@github.com:kr/fs.git"
    vcs: "git"
    name: "github.com/kr/fs"
    commit: "1455def202f6e05b95cc7bfc7e8ae67ae5141eba"
    transitive: false
  - name: "github.com/kr/pty"
    host:
      name: "github.com/coreos/etcd"
      commit: "83304cfc808cf6303d48c45a696f169fae422e68"
      urls:
      - "https://github.com/coreos/etcd.git"
      - "git@github.com:coreos/etcd.git"
      vcs: "git"
    vendorPath: "vendor/github.com/kr/pty"
    transitive: false
  - urls:
    - "https://github.com/magiconair/properties.git"
    - "git@github.com:magiconair/properties.git"
    vcs: "git"
    name: "github.com/magiconair/properties"
    commit: "c2353362d570a7bfa228149c62842019201cfb71"
    transitive: false
  - urls:
    - "https://github.com/mattn/go-isatty.git"
    - "git@github.com:mattn/go-isatty.git"
    vcs: "git"
    name: "github.com/mattn/go-isatty"
    commit: "0360b2af4f38e8d38c7fce2a9f4e702702d73a39"
    transitive: false
  - urls:
    - "https://github.com/mattn/go-runewidth.git"
    - "git@github.com:mattn/go-runewidth.git"
    vcs: "git"
    name: "github.com/mattn/go-runewidth"
    commit: "b20a3daf6a39840c202fd42cc23d53607162b045"
    transitive: false
  - name: "github.com/matttproud/golang_protobuf_extensions"
    host:
      name: "github.com/coreos/etcd"
      commit: "83304cfc808cf6303d48c45a696f169fae422e68"
      urls:
      - "https://github.com/coreos/etcd.git"
      - "git@github.com:coreos/etcd.git"
      vcs: "git"
    vendorPath: "vendor/github.com/matttproud/golang_protobuf_extensions"
    transitive: false
  - urls:
    - "https://github.com/mholt/archiver.git"
    - "git@github.com:mholt/archiver.git"
    vcs: "git"
    name: "github.com/mholt/archiver"
    commit: "de0d89e255e17c8d75a40122055763e743ab0593"
    transitive: false
  - urls:
    - "https://github.com/mitchellh/go-homedir.git"
    - "git@github.com:mitchellh/go-homedir.git"
    vcs: "git"
    name: "github.com/mitchellh/go-homedir"
    commit: "ae18d6b8b3205b561c79e8e5f69bff09736185f4"
    transitive: false
  - urls:
    - "https://github.com/mitchellh/mapstructure.git"
    - "git@github.com:mitchellh/mapstructure.git"
    vcs: "git"
    name: "github.com/mitchellh/mapstructure"
    commit: "3536a929edddb9a5b34bd6861dc4a9647cb459fe"
    transitive: false
  - urls:
    - "https://github.com/nwaples/rardecode.git"
    - "git@github.com:nwaples/rardecode.git"
    vcs: "git"
    name: "github.com/nwaples/rardecode"
    commit: "197ef08ef68c4454ae5970a9c2692d6056ceb8d7"
    transitive: false
  - urls:
    - "https://github.com/olekukonko/tablewriter.git"
    - "git@github.com:olekukonko/tablewriter.git"
    vcs: "git"
    name: "github.com/olekukonko/tablewriter"
    commit: "e6d60cf7ba1f42d86d54cdf5508611c4aafb3970"
    transitive: false
  - urls:
    - "https://github.com/pelletier/go-toml.git"
    - "git@github.com:pelletier/go-toml.git"
    vcs: "git"
    name: "github.com/pelletier/go-toml"
    commit: "81a861c69d25a841d0c4394f0e6f84bc8c5afae0"
    transitive: false
  - urls:
    - "https://github.com/pierrec/lz4.git"
    - "git@github.com:pierrec/lz4.git"
    vcs: "git"
    name: "github.com/pierrec/lz4"
    commit: "623b5a2f4d2a41e411730dcdfbfdaeb5c0c4564e"
    transitive: false
  - urls:
    - "https://github.com/pkg/errors.git"
    - "git@github.com:pkg/errors.git"
    vcs: "git"
    name: "github.com/pkg/errors"
    commit: "059132a15dd08d6704c67711dae0cf35ab991756"
    transitive: false
  - urls:
    - "https://github.com/pkg/profile.git"
    - "git@github.com:pkg/profile.git"
    vcs: "git"
    name: "github.com/pkg/profile"
    commit: "22592cc4bae3572d59be8852c6980023e4c9dec5"
    transitive: false
  - urls:
    - "https://github.com/pkg/sftp.git"
    - "git@github.com:pkg/sftp.git"
    vcs: "git"
    name: "github.com/pkg/sftp"
    commit: "08de04f133f27844173471167014e1a753655ac8"
    transitive: false
  - name: "github.com/pmezard/go-difflib"
    host:
      name: "github.com/stretchr/testify"
      commit: "f35b8ab0b5a2cef36673838d662e249dd9c94686"
      urls:
      - "https://github.com/stretchr/testify.git"
      - "git@github.com:stretchr/testify.git"
      vcs: "git"
    vendorPath: "vendor/github.com/pmezard/go-difflib"
    transitive: false
  - name: "github.com/prometheus/client_golang"
    host:
      name: "github.com/coreos/etcd"
      commit: "83304cfc808cf6303d48c45a696f169fae422e68"
      urls:
      - "https://github.com/coreos/etcd.git"
      - "git@github.com:coreos/etcd.git"
      vcs: "git"
    vendorPath: "vendor/github.com/prometheus/client_golang"
    transitive: false
  - name: "github.com/prometheus/client_model"
    host:
      name: "github.com/coreos/etcd"
      commit: "83304cfc808cf6303d48c45a696f169fae422e68"
      urls:
      - "https://github.com/coreos/etcd.git"
      - "git@github.com:coreos/etcd.git"
      vcs: "git"
    vendorPath: "vendor/github.com/prometheus/client_model"
    transitive: false
  - name: "github.com/prometheus/common"
    host:
      name: "github.com/coreos/etcd"
      commit: "83304cfc808cf6303d48c45a696f169fae422e68"
      urls:
      - "https://github.com/coreos/etcd.git"
      - "git@github.com:coreos/etcd.git"
      vcs: "git"
    vendorPath: "vendor/github.com/prometheus/common"
    transitive: false
  - name: "github.com/prometheus/procfs"
    host:
      name: "github.com/coreos/etcd"
      commit: "83304cfc808cf6303d48c45a696f169fae422e68"
      urls:
      - "https://github.com/coreos/etcd.git"
      - "git@github.com:coreos/etcd.git"
      vcs: "git"
    vendorPath: "vendor/github.com/prometheus/procfs"
    transitive: false
  - name: "github.com/russross/blackfriday"
    host:
      name: "github.com/cpuguy83/go-md2man"
      commit: "691ee98543af2f262f35fbb54bdd42f00b9b9cc5"
      urls:
      - "https://github.com/cpuguy83/go-md2man.git"
      - "git@github.com:cpuguy83/go-md2man.git"
      vcs: "git"
    vendorPath: "vendor/github.com/russross/blackfriday"
    transitive: false
  - name: "github.com/shurcooL/sanitized_anchor_name"
    host:
      name: "github.com/cpuguy83/go-md2man"
      commit: "691ee98543af2f262f35fbb54bdd42f00b9b9cc5"
      urls:
      - "https://github.com/cpuguy83/go-md2man.git"
      - "git@github.com:cpuguy83/go-md2man.git"
      vcs: "git"
    vendorPath: "vendor/github.com/shurcooL/sanitized_anchor_name"
    transitive: false
  - name: "github.com/sirupsen/logrus"
    host:
      name: "github.com/coreos/etcd"
      commit: "83304cfc808cf6303d48c45a696f169fae422e68"
      urls:
      - "https://github.com/coreos/etcd.git"
      - "git@github.com:coreos/etcd.git"
      vcs: "git"
    vendorPath: "vendor/github.com/sirupsen/logrus"
    transitive: false
  - name: "github.com/soheilhy/cmux"
    host:
      name: "github.com/coreos/etcd"
      commit: "83304cfc808cf6303d48c45a696f169fae422e68"
      urls:
      - "https://github.com/coreos/etcd.git"
      - "git@github.com:coreos/etcd.git"
      vcs: "git"
    vendorPath: "vendor/github.com/soheilhy/cmux"
    transitive: false
  - urls:
    - "https://github.com/spf13/afero.git"
    - "git@github.com:spf13/afero.git"
    vcs: "git"
    name: "github.com/spf13/afero"
    commit: "d40851caa0d747393da1ffb28f7f9d8b4eeffebd"
    transitive: false
  - urls:
    - "https://github.com/spf13/cast.git"
    - "git@github.com:spf13/cast.git"
    vcs: "git"
    name: "github.com/spf13/cast"
    commit: "8c9545af88b134710ab1cd196795e7f2388358d7"
    transitive: false
  - urls:
    - "https://github.com/spf13/cobra.git"
    - "git@github.com:spf13/cobra.git"
    vcs: "git"
    name: "github.com/spf13/cobra"
    commit: "ef82de70bb3f60c65fb8eebacbb2d122ef517385"
    transitive: false
  - urls:
    - "https://github.com/spf13/jwalterweatherman.git"
    - "git@github.com:spf13/jwalterweatherman.git"
    vcs: "git"
    name: "github.com/spf13/jwalterweatherman"
    commit: "94f6ae3ed3bceceafa716478c5fbf8d29ca601a1"
    transitive: false
  - urls:
    - "https://github.com/spf13/pflag.git"
    - "git@github.com:spf13/pflag.git"
    vcs: "git"
    name: "github.com/spf13/pflag"
    commit: "082b515c9490f4eccc758469c3152b77d139f868"
    transitive: false
  - urls:
    - "https://github.com/spf13/viper.git"
    - "git@github.com:spf13/viper.git"
    vcs: "git"
    name: "github.com/spf13/viper"
    commit: "907c19d40d9a6c9bb55f040ff4ae45271a4754b9"
    transitive: false
  - name: "github.com/stretchr/objx"
    host:
      name: "github.com/stretchr/testify"
      commit: "f35b8ab0b5a2cef36673838d662e249dd9c94686"
      urls:
      - "https://github.com/stretchr/testify.git"
      - "git@github.com:stretchr/testify.git"
      vcs: "git"
    vendorPath: "vendor/github.com/stretchr/objx"
    transitive: false
  - urls:
    - "https://github.com/stretchr/testify.git"
    - "git@github.com:stretchr/testify.git"
    vcs: "git"
    name: "github.com/stretchr/testify"
    commit: "f35b8ab0b5a2cef36673838d662e249dd9c94686"
    transitive: false
  - urls:
    - "https://github.com/thoas/go-funk.git"
    - "git@github.com:thoas/go-funk.git"
    vcs: "git"
    name: "github.com/thoas/go-funk"
    commit: "9132db0aefe2a09565f5124e267ac9a89845d8f6"
    transitive: false
  - name: "github.com/tmc/grpc-websocket-proxy"
    host:
      name: "github.com/coreos/etcd"
      commit: "83304cfc808cf6303d48c45a696f169fae422e68"
      urls:
      - "https://github.com/coreos/etcd.git"
      - "git@github.com:coreos/etcd.git"
      vcs: "git"
    vendorPath: "vendor/github.com/tmc/grpc-websocket-proxy"
    transitive: false
  - name: "github.com/ugorji/go"
    host:
      name: "github.com/coreos/etcd"
      commit: "83304cfc808cf6303d48c45a696f169fae422e68"
      urls:
      - "https://github.com/coreos/etcd.git"
      - "git@github.com:coreos/etcd.git"
      vcs: "git"
    vendorPath: "vendor/github.com/ugorji/go"
    transitive: false
  - urls:
    - "https://github.com/ulikunitz/xz.git"
    - "git@github.com:ulikunitz/xz.git"
    vcs: "git"
    name: "github.com/ulikunitz/xz"
    commit: "590df8077fbcb06ad62d7714da06c00e5dd2316d"
    transitive: false
  - name: "github.com/urfave/cli"
    host:
      name: "github.com/coreos/etcd"
      commit: "83304cfc808cf6303d48c45a696f169fae422e68"
      urls:
      - "https://github.com/coreos/etcd.git"
      - "git@github.com:coreos/etcd.git"
      vcs: "git"
    vendorPath: "vendor/github.com/urfave/cli"
    transitive: false
  - urls:
    - "https://github.com/xebialabs/yaml.git"
    - "git@github.com:xebialabs/yaml.git"
    vcs: "git"
    name: "github.com/xebialabs/yaml"
    commit: "71f3a23bb41870904ddc1ce1d9f33839528e098e"
    transitive: false
  - name: "github.com/xiang90/probing"
    host:
      name: "github.com/coreos/etcd"
      commit: "83304cfc808cf6303d48c45a696f169fae422e68"
      urls:
      - "https://github.com/coreos/etcd.git"
      - "git@github.com:coreos/etcd.git"
      vcs: "git"
    vendorPath: "vendor/github.com/xiang90/probing"
    transitive: false
  - urls:
    - "https://github.com/xordataexchange/crypt.git"
    - "git@github.com:xordataexchange/crypt.git"
    vcs: "git"
    name: "github.com/xordataexchange/crypt"
    commit: "b2862e3d0a775f18c7cfe02273500ae307b61218"
    transitive: false
  - name: "go.etcd.io/bbolt"
    host:
      name: "github.com/coreos/etcd"
      commit: "83304cfc808cf6303d48c45a696f169fae422e68"
      urls:
      - "https://github.com/coreos/etcd.git"
      - "git@github.com:coreos/etcd.git"
      vcs: "git"
    vendorPath: "vendor/go.etcd.io/bbolt"
    transitive: false
  - name: "go.uber.org/atomic"
    host:
      name: "github.com/coreos/etcd"
      commit: "83304cfc808cf6303d48c45a696f169fae422e68"
      urls:
      - "https://github.com/coreos/etcd.git"
      - "git@github.com:coreos/etcd.git"
      vcs: "git"
    vendorPath: "vendor/go.uber.org/atomic"
    transitive: false
  - name: "go.uber.org/multierr"
    host:
      name: "github.com/coreos/etcd"
      commit: "83304cfc808cf6303d48c45a696f169fae422e68"
      urls:
      - "https://github.com/coreos/etcd.git"
      - "git@github.com:coreos/etcd.git"
      vcs: "git"
    vendorPath: "vendor/go.uber.org/multierr"
    transitive: false
  - name: "go.uber.org/zap"
    host:
      name: "github.com/coreos/etcd"
      commit: "83304cfc808cf6303d48c45a696f169fae422e68"
      urls:
      - "https://github.com/coreos/etcd.git"
      - "git@github.com:coreos/etcd.git"
      vcs: "git"
    vendorPath: "vendor/go.uber.org/zap"
    transitive: false
  - vcs: "git"
    name: "golang.org/x/crypto"
    commit: "4d3f4d9ffa16a13f451c3b2999e9c49e9750bf06"
    url: "https://go.googlesource.com/crypto"
    transitive: false
  - vcs: "git"
    name: "golang.org/x/net"
    commit: "c44066c5c816ec500d459a2a324a753f78531ae0"
    url: "https://go.googlesource.com/net"
    transitive: false
  - vcs: "git"
    name: "golang.org/x/sys"
    commit: "9b800f95dbbc54abff0acf7ee32d88ba4e328c89"
    url: "https://go.googlesource.com/sys"
    transitive: false
  - vcs: "git"
    name: "golang.org/x/text"
    commit: "6f44c5a2ea40ee3593d98cdcc905cc1fdaa660e2"
    url: "https://go.googlesource.com/text"
    transitive: false
  - name: "golang.org/x/time"
    host:
      name: "github.com/coreos/etcd"
      commit: "83304cfc808cf6303d48c45a696f169fae422e68"
      urls:
      - "https://github.com/coreos/etcd.git"
      - "git@github.com:coreos/etcd.git"
      vcs: "git"
    vendorPath: "vendor/golang.org/x/time"
    transitive: false
  - vcs: "git"
    name: "golang.org/x/tools"
    commit: "45ff765b4815d34d8b80220fd05c79063b185ce1"
    url: "https://go.googlesource.com/tools"
    transitive: false
  - name: "google.golang.org/genproto"
    host:
      name: "github.com/coreos/etcd"
      commit: "83304cfc808cf6303d48c45a696f169fae422e68"
      urls:
      - "https://github.com/coreos/etcd.git"
      - "git@github.com:coreos/etcd.git"
      vcs: "git"
    vendorPath: "vendor/google.golang.org/genproto"
    transitive: false
  - name: "google.golang.org/grpc"
    host:
      name: "github.com/coreos/etcd"
      commit: "83304cfc808cf6303d48c45a696f169fae422e68"
      urls:
      - "https://github.com/coreos/etcd.git"
      - "git@github.com:coreos/etcd.git"
      vcs: "git"
    vendorPath: "vendor/google.golang.org/grpc"
    transitive: false
  - vcs: "git"
    name: "gopkg.in/cheggaaa/pb.v1"
    commit: "2af8bbdea9e99e83b3ac400d8f6b6d1b8cbbf338"
    url: "https://gopkg.in/cheggaaa/pb.v1"
    transitive: false
  - name: "gopkg.in/yaml.v2"
    host:
      name: "github.com/coreos/etcd"
      commit: "83304cfc808cf6303d48c45a696f169fae422e68"
      urls:
      - "https://github.com/coreos/etcd.git"
      - "git@github.com:coreos/etcd.git"
      vcs: "git"
    vendorPath: "vendor/gopkg.in/yaml.v2"
    transitive: false
  test: []
